
Microsoft Visual Studio Solution File, Format Version 12.00
# Visual Studio 15
VisualStudioVersion = 15.0.27130.2010
MinimumVisualStudioVersion = 10.0.40219.1
Project("{9A19103F-16F7-4668-BE54-9A1E7A4F7556}") = "Wolfteam.Server", "Wolfteam.Server\Wolfteam.Server.csproj", "{849490F7-3A9F-444D-8E9E-FA487C5AB64E}"
EndProject
Project("{9A19103F-16F7-4668-BE54-9A1E7A4F7556}") = "Wolfteam.Client", "Wolfteam.Client\Wolfteam.Client.csproj", "{F5AF7F7E-3B54-43A1-945F-7B259D396EF9}"
EndProject
Project("{FAE04EC0-301F-11D3-BF4B-00C04F79EFBC}") = "Wolfteam.Playzone", "Wolfteam.Playzone\Wolfteam.Playzone.csproj", "{3B38DD9C-A3E1-4880-A7E9-E521E20BE097}"
EndProject
Project("{FAE04EC0-301F-11D3-BF4B-00C04F79EFBC}") = "Wolfteam.Tools.XfsEditor", "Wolfteam.Tools.XfsEditor\Wolfteam.Tools.XfsEditor.csproj", "{0B6B08CE-5D3B-4CA8-8F8A-FE795E93BFD6}"
EndProject
Global
	GlobalSection(SolutionConfigurationPlatforms) = preSolution
		Debug|Any CPU = Debug|Any CPU
		Release|Any CPU = Release|Any CPU
	EndGlobalSection
	GlobalSection(ProjectConfigurationPlatforms) = postSolution
		{849490F7-3A9F-444D-8E9E-FA487C5AB64E}.Debug|Any CPU.ActiveCfg = Debug|Any CPU
		{849490F7-3A9F-444D-8E9E-FA487C5AB64E}.Debug|Any CPU.Build.0 = Debug|Any CPU
		{849490F7-3A9F-444D-8E9E-FA487C5AB64E}.Release|Any CPU.ActiveCfg = Release|Any CPU
		{849490F7-3A9F-444D-8E9E-FA487C5AB64E}.Release|Any CPU.Build.0 = Release|Any CPU
		{F5AF7F7E-3B54-43A1-945F-7B259D396EF9}.Debug|Any CPU.ActiveCfg = Debug|Any CPU
		{F5AF7F7E-3B54-43A1-945F-7B259D396EF9}.Debug|Any CPU.Build.0 = Debug|Any CPU
		{F5AF7F7E-3B54-43A1-945F-7B259D396EF9}.Release|Any CPU.ActiveCfg = Release|Any CPU
		{F5AF7F7E-3B54-43A1-945F-7B259D396EF9}.Release|Any CPU.Build.0 = Release|Any CPU
		{3B38DD9C-A3E1-4880-A7E9-E521E20BE097}.Debug|Any CPU.ActiveCfg = Debug|Any CPU
		{3B38DD9C-A3E1-4880-A7E9-E521E20BE097}.Debug|Any CPU.Build.0 = Debug|Any CPU
		{3B38DD9C-A3E1-4880-A7E9-E521E20BE097}.Release|Any CPU.ActiveCfg = Release|Any CPU
		{3B38DD9C-A3E1-4880-A7E9-E521E20BE097}.Release|Any CPU.Build.0 = Release|Any CPU
		{0B6B08CE-5D3B-4CA8-8F8A-FE795E93BFD6}.Debug|Any CPU.ActiveCfg = Debug|Any CPU
		{0B6B08CE-5D3B-4CA8-8F8A-FE795E93BFD6}.Debug|Any CPU.Build.0 = Debug|Any CPU
		{0B6B08CE-5D3B-4CA8-8F8A-FE795E93BFD6}.Release|Any CPU.ActiveCfg = Release|Any CPU
		{0B6B08CE-5D3B-4CA8-8F8A-FE795E93BFD6}.Release|Any CPU.Build.0 = Release|Any CPU
	EndGlobalSection
	GlobalSection(SolutionProperties) = preSolution
		HideSolutionNode = FALSE
	EndGlobalSection
	GlobalSection(ExtensibilityGlobals) = postSolution
		SolutionGuid = {63E1112C-8AFC-426D-902B-B23DE80FA915}
	EndGlobalSection
EndGlobal
