
Microsoft Visual Studio Solution File, Format Version 12.00
Project("{FAE04EC0-301F-11D3-BF4B-00C04F79EFBC}") = "Wolfteam.Client", "Wolfteam.Client\Wolfteam.Client.csproj", "{C1E82943-1338-4478-B869-108B72536955}"
EndProject
Project("{FAE04EC0-301F-11D3-BF4B-00C04F79EFBC}") = "Wolfteam.Tools.XfsEditor", "Wolfteam.Tools.XfsEditor\Wolfteam.Tools.XfsEditor.csproj", "{0B6B08CE-5D3B-4CA8-8F8A-FE795E93BFD6}"
EndProject
Project("{FAE04EC0-301F-11D3-BF4B-00C04F79EFBC}") = "Wolfteam.Server.Login", "Wolfteam.Server.Login\Wolfteam.Server.Login.csproj", "{0B247E0D-D37E-42A2-A441-9D522B56C177}"
EndProject
Project("{FAE04EC0-301F-11D3-BF4B-00C04F79EFBC}") = "Wolfteam.Server", "Wolfteam.Server\Wolfteam.Server.csproj", "{C49A6AAF-4DF1-47CC-A58C-574077D3157F}"
EndProject
Project("{FAE04EC0-301F-11D3-BF4B-00C04F79EFBC}") = "Wolfteam.Server.Tests", "Wolfteam.Server.Tests\Wolfteam.Server.Tests.csproj", "{6352C15C-A2C4-4815-9CCC-8580436D7280}"
EndProject
Project("{FAE04EC0-301F-11D3-BF4B-00C04F79EFBC}") = "Wolfteam.Server.Broker", "Wolfteam.Server.Broker\Wolfteam.Server.Broker.csproj", "{42F36504-945C-4E2F-8716-35B02F785456}"
EndProject
Project("{FAE04EC0-301F-11D3-BF4B-00C04F79EFBC}") = "Wolfteam.Packets", "Wolfteam.Packets\Wolfteam.Packets.csproj", "{AC4EA1A0-CAF1-4355-BCEC-75F7636E3F53}"
EndProject
Project("{FAE04EC0-301F-11D3-BF4B-00C04F79EFBC}") = "Wolfteam.Packets.Generator", "Wolfteam.Packets.Generator\Wolfteam.Packets.Generator.csproj", "{8C770C15-0B6E-436B-AF09-BAC4D86E6BC2}"
EndProject
Project("{FAE04EC0-301F-11D3-BF4B-00C04F79EFBC}") = "Wolfteam.Packets.Shared", "Wolfteam.Packets.Shared\Wolfteam.Packets.Shared.csproj", "{B9B0B0EC-8DF5-405F-A7FD-1E8304050C47}"
EndProject
Global
	GlobalSection(SolutionConfigurationPlatforms) = preSolution
		Debug|Any CPU = Debug|Any CPU
		Release|Any CPU = Release|Any CPU
	EndGlobalSection
	GlobalSection(ProjectConfigurationPlatforms) = postSolution
		{C1E82943-1338-4478-B869-108B72536955}.Debug|Any CPU.ActiveCfg = Debug|Any CPU
		{C1E82943-1338-4478-B869-108B72536955}.Debug|Any CPU.Build.0 = Debug|Any CPU
		{C1E82943-1338-4478-B869-108B72536955}.Release|Any CPU.ActiveCfg = Release|Any CPU
		{C1E82943-1338-4478-B869-108B72536955}.Release|Any CPU.Build.0 = Release|Any CPU
		{0B6B08CE-5D3B-4CA8-8F8A-FE795E93BFD6}.Debug|Any CPU.ActiveCfg = Debug|Any CPU
		{0B6B08CE-5D3B-4CA8-8F8A-FE795E93BFD6}.Debug|Any CPU.Build.0 = Debug|Any CPU
		{0B6B08CE-5D3B-4CA8-8F8A-FE795E93BFD6}.Release|Any CPU.ActiveCfg = Release|Any CPU
		{0B6B08CE-5D3B-4CA8-8F8A-FE795E93BFD6}.Release|Any CPU.Build.0 = Release|Any CPU
		{0B247E0D-D37E-42A2-A441-9D522B56C177}.Debug|Any CPU.ActiveCfg = Debug|Any CPU
		{0B247E0D-D37E-42A2-A441-9D522B56C177}.Debug|Any CPU.Build.0 = Debug|Any CPU
		{0B247E0D-D37E-42A2-A441-9D522B56C177}.Release|Any CPU.ActiveCfg = Release|Any CPU
		{0B247E0D-D37E-42A2-A441-9D522B56C177}.Release|Any CPU.Build.0 = Release|Any CPU
		{C49A6AAF-4DF1-47CC-A58C-574077D3157F}.Debug|Any CPU.ActiveCfg = Debug|Any CPU
		{C49A6AAF-4DF1-47CC-A58C-574077D3157F}.Debug|Any CPU.Build.0 = Debug|Any CPU
		{C49A6AAF-4DF1-47CC-A58C-574077D3157F}.Release|Any CPU.ActiveCfg = Release|Any CPU
		{C49A6AAF-4DF1-47CC-A58C-574077D3157F}.Release|Any CPU.Build.0 = Release|Any CPU
		{6352C15C-A2C4-4815-9CCC-8580436D7280}.Debug|Any CPU.ActiveCfg = Debug|Any CPU
		{6352C15C-A2C4-4815-9CCC-8580436D7280}.Debug|Any CPU.Build.0 = Debug|Any CPU
		{6352C15C-A2C4-4815-9CCC-8580436D7280}.Release|Any CPU.ActiveCfg = Release|Any CPU
		{6352C15C-A2C4-4815-9CCC-8580436D7280}.Release|Any CPU.Build.0 = Release|Any CPU
		{42F36504-945C-4E2F-8716-35B02F785456}.Debug|Any CPU.ActiveCfg = Debug|Any CPU
		{42F36504-945C-4E2F-8716-35B02F785456}.Debug|Any CPU.Build.0 = Debug|Any CPU
		{42F36504-945C-4E2F-8716-35B02F785456}.Release|Any CPU.ActiveCfg = Release|Any CPU
		{42F36504-945C-4E2F-8716-35B02F785456}.Release|Any CPU.Build.0 = Release|Any CPU
		{AC4EA1A0-CAF1-4355-BCEC-75F7636E3F53}.Debug|Any CPU.ActiveCfg = Debug|Any CPU
		{AC4EA1A0-CAF1-4355-BCEC-75F7636E3F53}.Debug|Any CPU.Build.0 = Debug|Any CPU
		{AC4EA1A0-CAF1-4355-BCEC-75F7636E3F53}.Release|Any CPU.ActiveCfg = Release|Any CPU
		{AC4EA1A0-CAF1-4355-BCEC-75F7636E3F53}.Release|Any CPU.Build.0 = Release|Any CPU
		{8C770C15-0B6E-436B-AF09-BAC4D86E6BC2}.Debug|Any CPU.ActiveCfg = Debug|Any CPU
		{8C770C15-0B6E-436B-AF09-BAC4D86E6BC2}.Debug|Any CPU.Build.0 = Debug|Any CPU
		{8C770C15-0B6E-436B-AF09-BAC4D86E6BC2}.Release|Any CPU.ActiveCfg = Release|Any CPU
		{8C770C15-0B6E-436B-AF09-BAC4D86E6BC2}.Release|Any CPU.Build.0 = Release|Any CPU
		{B9B0B0EC-8DF5-405F-A7FD-1E8304050C47}.Debug|Any CPU.ActiveCfg = Debug|Any CPU
		{B9B0B0EC-8DF5-405F-A7FD-1E8304050C47}.Debug|Any CPU.Build.0 = Debug|Any CPU
		{B9B0B0EC-8DF5-405F-A7FD-1E8304050C47}.Release|Any CPU.ActiveCfg = Release|Any CPU
		{B9B0B0EC-8DF5-405F-A7FD-1E8304050C47}.Release|Any CPU.Build.0 = Release|Any CPU
	EndGlobalSection
EndGlobal
